%{"bot": {:git, "https://github.com/ironbay/bot.git", "5553b53bed6a833c7ce4b7228a1cf761d2a13e64", []},
  "bunt": {:hex, :bunt, "0.1.6"},
  "certifi": {:hex, :certifi, "0.4.0"},
  "con_cache": {:hex, :con_cache, "0.11.1"},
  "connection": {:hex, :connection, "1.0.4"},
  "cowboy": {:hex, :cowboy, "1.0.4"},
  "cowlib": {:hex, :cowlib, "1.0.2"},
  "cqerl": {:git, "https://github.com/matehat/cqerl.git", "b3e9fd0b571ecd48dc8e3206c72b66acecde16ed", []},
  "cqex": {:hex, :cqex, "0.2.0"},
  "credo": {:hex, :credo, "0.5.3"},
  "db_connection": {:hex, :db_connection, "1.1.0"},
  "decimal": {:hex, :decimal, "1.3.1"},
  "delta": {:git, "https://github.com/ironbay/delta-elixir.git", "8a618ec5c966cbf1ee95f3bb44a2c2f919cdb140", []},
  "exactor": {:hex, :exactor, "2.2.2"},
  "exirc": {:hex, :exirc, "0.11.0"},
  "exjsx": {:hex, :exjsx, "3.2.0"},
  "floki": {:hex, :floki, "0.10.1"},
  "gmail": {:hex, :gmail, "0.1.16", "381666583ed7b32daf4ebcae97e22971e98cf0b0c0cf6565b7ff1581de91f554", [:mix], [{:httpoison, "~> 0.8", [hex: :httpoison, optional: false]}, {:poison, "~> 2.1", [hex: :poison, optional: false]}, {:poolboy, "~> 1.5", [hex: :poolboy, optional: false]}]},
  "hackney": {:hex, :hackney, "1.6.1"},
  "html_entities": {:hex, :html_entities, "0.3.0"},
  "httpoison": {:hex, :httpoison, "0.8.3"},
  "idna": {:hex, :idna, "1.2.0"},
  "jsx": {:hex, :jsx, "2.6.2"},
  "lz4": {:git, "https://github.com/szktty/erlang-lz4.git", "30878eafeff35939052c2cafe17d21c95029d3a1", [tag: "0.2.2"]},
  "metrics": {:hex, :metrics, "1.0.1"},
  "mime": {:hex, :mime, "1.0.1"},
  "mimerl": {:hex, :mimerl, "1.0.2"},
  "mochiweb_html": {:hex, :mochiweb_html, "2.15.0"},
  "neo4j_sips": {:hex, :neo4j_sips, "0.2.10"},
  "oauther": {:hex, :oauther, "1.0.2"},
  "parallel_stream": {:hex, :parallel_stream, "1.0.5"},
  "plug": {:hex, :plug, "1.2.2"},
  "poison": {:hex, :poison, "2.2.0"},
  "poolboy": {:hex, :poolboy, "1.5.1"},
  "pooler": {:git, "https://github.com/seth/pooler.git", "b6c522a67a1d067122705ef725535a8664dd8514", [tag: "1.5.0"]},
  "postgrex": {:hex, :postgrex, "1.0.0-rc.1"},
  "quickrand": {:git, "https://github.com/okeuday/quickrand.git", "3eadabe05bddbffe9e3d5cf17a9384319d8756a1", [tag: "v1.4.0"]},
  "ranch": {:hex, :ranch, "1.2.1"},
  "re2": {:git, "https://github.com/matehat/re2.git", "1da77be636baae639db93f9008a62b9cba00557c", []},
  "semver": {:git, "https://github.com/nebularis/semver.git", "c7d509f38298ec6594be4efdcd8a8f2322760039", [ref: "c7d509"]},
  "slack": {:hex, :slack, "0.7.0"},
  "snappy": {:git, "https://github.com/fdmanana/snappy-erlang-nif.git", "c4cd1bb35f3a3a399737d64bd03b479817b90e75", [ref: "c4cd1bb"]},
  "ssl_verify_fun": {:hex, :ssl_verify_fun, "1.1.0"},
  "sweet_xml": {:hex, :sweet_xml, "0.6.1"},
  "syn": {:hex, :syn, "1.5.0"},
  "uuid": {:git, "https://github.com/okeuday/uuid.git", "41e4e0edc4fe6291227b3fe74f7c2362f2525b21", [tag: "v1.4.1"]},
  "websocket_client": {:git, "https://github.com/jeremyong/websocket_client", "f6892c8b55004008ce2d52be7d98b156f3e34569", []}}
